{
  "nodes": {
    "bufsurf-src": {
      "flake": false,
      "locked": {
        "lastModified": 1613502120,
        "narHash": "sha256-o/Uf4bnh3IctKnT50JitTe5/+BUrCyrlOOzkmwAzxLk=",
        "owner": "ton",
        "repo": "vim-bufsurf",
        "rev": "e6dbc7ad66c7e436e5eb20d304464e378bd7f28c",
        "type": "github"
      },
      "original": {
        "owner": "ton",
        "repo": "vim-bufsurf",
        "type": "github"
      }
    },
    "copilot-lua-src": {
      "flake": false,
      "locked": {
        "lastModified": 1771968328,
        "narHash": "sha256-2z/NsrZuZqsb9wSMhQA1mMjoLCOU98MqM/s2G5/BNaw=",
        "owner": "zbirenbaum",
        "repo": "copilot.lua",
        "rev": "ef4bfc579b404c531c1738bacca82ed61501d877",
        "type": "github"
      },
      "original": {
        "owner": "zbirenbaum",
        "repo": "copilot.lua",
        "type": "github"
      }
    },
    "diagflow-src": {
      "flake": false,
      "locked": {
        "lastModified": 1741108806,
        "narHash": "sha256-gJlM0diDmyvmW5l/QIpUe2bDTZg8XekLBcFOoxeUW4E=",
        "owner": "dgagn",
        "repo": "diagflow.nvim",
        "rev": "b13321b517ff64bf42eeac2214085d3c76d83a0d",
        "type": "github"
      },
      "original": {
        "owner": "dgagn",
        "repo": "diagflow.nvim",
        "type": "github"
      }
    },
    "everforest-src": {
      "flake": false,
      "locked": {
        "lastModified": 1762113281,
        "narHash": "sha256-y0uLY2fx10fZvdHlsme9c8HZ3pz+kHOFS8OEgqeq4uU=",
        "owner": "neanias",
        "repo": "everforest-nvim",
        "rev": "557bce922401e247a596583679bc181d4d688554",
        "type": "github"
      },
      "original": {
        "owner": "neanias",
        "repo": "everforest-nvim",
        "type": "github"
      }
    },
    "flake-parts": {
      "inputs": {
        "nixpkgs-lib": [
          "neovim-nightly-overlay",
          "nixpkgs"
        ]
      },
      "locked": {
        "lastModified": 1769996383,
        "narHash": "sha256-AnYjnFWgS49RlqX7LrC4uA+sCCDBj0Ry/WOJ5XWAsa0=",
        "owner": "hercules-ci",
        "repo": "flake-parts",
        "rev": "57928607ea566b5db3ad13af0e57e921e6b12381",
        "type": "github"
      },
      "original": {
        "owner": "hercules-ci",
        "repo": "flake-parts",
        "type": "github"
      }
    },
    "flake-parts_2": {
      "inputs": {
        "nixpkgs-lib": [
          "nixvim",
          "nixpkgs"
        ]
      },
      "locked": {
        "lastModified": 1769996383,
        "narHash": "sha256-AnYjnFWgS49RlqX7LrC4uA+sCCDBj0Ry/WOJ5XWAsa0=",
        "owner": "hercules-ci",
        "repo": "flake-parts",
        "rev": "57928607ea566b5db3ad13af0e57e921e6b12381",
        "type": "github"
      },
      "original": {
        "owner": "hercules-ci",
        "repo": "flake-parts",
        "type": "github"
      }
    },
    "flake-utils": {
      "inputs": {
        "systems": "systems"
      },
      "locked": {
        "lastModified": 1731533236,
        "narHash": "sha256-l0KFg5HjrsfsO/JpG+r7fRrqm12kzFHyUHqHCVpMMbI=",
        "owner": "numtide",
        "repo": "flake-utils",
        "rev": "11707dc2f618dd54ca8739b309ec4fc024de578b",
        "type": "github"
      },
      "original": {
        "owner": "numtide",
        "repo": "flake-utils",
        "type": "github"
      }
    },
    "log-highlight": {
      "flake": false,
      "locked": {
        "lastModified": 1771079863,
        "narHash": "sha256-s2GL6ddIA9wJI+K/irDtW7xvM/ms8it+04akr3ljJLA=",
        "owner": "fei6409",
        "repo": "log-highlight.nvim",
        "rev": "ca88628f6dd3b9bb46f9a7401669e24cf7de47a4",
        "type": "github"
      },
      "original": {
        "owner": "fei6409",
        "repo": "log-highlight.nvim",
        "type": "github"
      }
    },
    "markview-src": {
      "flake": false,
      "locked": {
        "lastModified": 1771764736,
        "narHash": "sha256-IPLjSSyVZPy8eOprl/S1aQhckZ5O/PoaVVqagPZMuYI=",
        "owner": "OXY2DEV",
        "repo": "markview.nvim",
        "rev": "633e627f82011dc888ea4444a98c98bd783951b0",
        "type": "github"
      },
      "original": {
        "owner": "OXY2DEV",
        "repo": "markview.nvim",
        "type": "github"
      }
    },
    "neovim-nightly-overlay": {
      "inputs": {
        "flake-parts": "flake-parts",
        "neovim-src": "neovim-src",
        "nixpkgs": [
          "nixpkgs"
        ]
      },
      "locked": {
        "lastModified": 1771977871,
        "narHash": "sha256-lhmPJpB4V67O7rpTxb637yYX4C4PyhlnCGk+hrpjiyA=",
        "owner": "nix-community",
        "repo": "neovim-nightly-overlay",
        "rev": "76b7e0e4f7ed155a090a551cd2ab3e7cd81eb6c3",
        "type": "github"
      },
      "original": {
        "owner": "nix-community",
        "repo": "neovim-nightly-overlay",
        "type": "github"
      }
    },
    "neovim-src": {
      "flake": false,
      "locked": {
        "lastModified": 1771977223,
        "narHash": "sha256-RAPxiR+GFi+eH8Hd8zP9Pg4ZRwAwGiCN+HOt9K5LMb4=",
        "owner": "neovim",
        "repo": "neovim",
        "rev": "327dcb897024159bdb201caf23d8d5673d7a0567",
        "type": "github"
      },
      "original": {
        "owner": "neovim",
        "repo": "neovim",
        "type": "github"
      }
    },
    "nixpkgs": {
      "locked": {
        "lastModified": 1772064736,
        "narHash": "sha256-xwL+opBKxhoIVlg/jjv1yghwKI+MZQLWyo/YWNXKOck=",
        "owner": "NixOS",
        "repo": "nixpkgs",
        "rev": "89b61a4c827bf12b223642f59fcc0753efd528cb",
        "type": "github"
      },
      "original": {
        "owner": "NixOS",
        "ref": "master",
        "repo": "nixpkgs",
        "type": "github"
      }
    },
    "nixvim": {
      "inputs": {
        "flake-parts": "flake-parts_2",
        "nixpkgs": [
          "nixpkgs"
        ],
        "systems": "systems_2"
      },
      "locked": {
        "lastModified": 1771135771,
        "narHash": "sha256-wyvBIhDuyCRyjB3yPg77qoyxrlgQtBR1rVW3c9knV3E=",
        "owner": "nix-community",
        "repo": "nixvim",
        "rev": "ed0424f0b08d303a7348f52f7850ad1b2704f9ba",
        "type": "github"
      },
      "original": {
        "owner": "nix-community",
        "repo": "nixvim",
        "type": "github"
      }
    },
    "root": {
      "inputs": {
        "bufsurf-src": "bufsurf-src",
        "copilot-lua-src": "copilot-lua-src",
        "diagflow-src": "diagflow-src",
        "everforest-src": "everforest-src",
        "flake-utils": "flake-utils",
        "log-highlight": "log-highlight",
        "markview-src": "markview-src",
        "neovim-nightly-overlay": "neovim-nightly-overlay",
        "nixpkgs": "nixpkgs",
        "nixvim": "nixvim",
        "snacks-src": "snacks-src",
        "tiny-inline-diagnostic-src": "tiny-inline-diagnostic-src",
        "vclib-src": "vclib-src",
        "vcsigns-src": "vcsigns-src"
      }
    },
    "snacks-src": {
      "flake": false,
      "locked": {
        "lastModified": 1763464072,
        "narHash": "sha256-vRedYg29QGPGW0hOX9qbRSIImh1d/SoDZHImDF2oqKM=",
        "owner": "folke",
        "repo": "snacks.nvim",
        "rev": "fe7cfe9800a182274d0f868a74b7263b8c0c020b",
        "type": "github"
      },
      "original": {
        "owner": "folke",
        "repo": "snacks.nvim",
        "type": "github"
      }
    },
    "systems": {
      "locked": {
        "lastModified": 1681028828,
        "narHash": "sha256-Vy1rq5AaRuLzOxct8nz4T6wlgyUR7zLU309k9mBC768=",
        "owner": "nix-systems",
        "repo": "default",
        "rev": "da67096a3b9bf56a91d16901293e51ba5b49a27e",
        "type": "github"
      },
      "original": {
        "owner": "nix-systems",
        "repo": "default",
        "type": "github"
      }
    },
    "systems_2": {
      "locked": {
        "lastModified": 1681028828,
        "narHash": "sha256-Vy1rq5AaRuLzOxct8nz4T6wlgyUR7zLU309k9mBC768=",
        "owner": "nix-systems",
        "repo": "default",
        "rev": "da67096a3b9bf56a91d16901293e51ba5b49a27e",
        "type": "github"
      },
      "original": {
        "owner": "nix-systems",
        "repo": "default",
        "type": "github"
      }
    },
    "tiny-inline-diagnostic-src": {
      "flake": false,
      "locked": {
        "lastModified": 1771974103,
        "narHash": "sha256-cIG8PPcYjJxsTbaeEN/P/D75wou1c1A2+2XkxN1aUPw=",
        "owner": "rachartier",
        "repo": "tiny-inline-diagnostic.nvim",
        "rev": "ba133b3e932416e4b9507095731a6d7276878fe8",
        "type": "github"
      },
      "original": {
        "owner": "rachartier",
        "repo": "tiny-inline-diagnostic.nvim",
        "type": "github"
      }
    },
    "vclib-src": {
      "flake": false,
      "locked": {
        "lastModified": 1770033071,
        "narHash": "sha256-5HYHAP6nGwZAjOMMhWq5ZZICx1/3H7y5BJpxhophAKM=",
        "owner": "algmyr",
        "repo": "vclib.nvim",
        "rev": "4febfa0480d253eff0557c6bc8b594bc37040672",
        "type": "github"
      },
      "original": {
        "owner": "algmyr",
        "repo": "vclib.nvim",
        "type": "github"
      }
    },
    "vcsigns-src": {
      "flake": false,
      "locked": {
        "lastModified": 1771170523,
        "narHash": "sha256-V5YjeAN5wLMIXyp121NHqt0kF4PockE5bPTkQ94WMnM=",
        "owner": "algmyr",
        "repo": "vcsigns.nvim",
        "rev": "3e1569ebd2eb532148741484636e9bac1ac804bc",
        "type": "github"
      },
      "original": {
        "owner": "algmyr",
        "repo": "vcsigns.nvim",
        "type": "github"
      }
    }
  },
  "root": "root",
  "version": 7
}
