{
  "nodes": {
    "async-src": {
      "flake": false,
      "locked": {
        "lastModified": 1787675481,
        "narHash": "sha256-/D4ndwW4Pc/6o6fiMOCHhEqF+NDAZVVQySzdrb9STOM=",
        "owner": "lewis6991",
        "repo": "async.nvim",
        "rev": "10a16178cdace61d3416a5652121ba70a2e4103c",
        "type": "github"
      },
      "original": {
        "owner": "lewis6991",
        "repo": "async.nvim",
        "type": "github"
      }
    },
    "blink-cmp-supermaven-src": {
      "flake": false,
      "locked": {
        "lastModified": 1743533033,
        "narHash": "sha256-pVu58uzakRdAr89I7e4xotBTr9sd5QWkQQlCs2PeFjg=",
        "owner": "Huijiro",
        "repo": "blink-cmp-supermaven",
        "rev": "635ce12e9e2d2a5a483728ac764d0bc5b57af23b",
        "type": "github"
      },
      "original": {
        "owner": "Huijiro",
        "repo": "blink-cmp-supermaven",
        "type": "github"
      }
    },
    "bufsurf-src": {
      "flake": false,
      "locked": {
        "lastModified": 1613502120,
        "narHash": "sha256-o/Uf4bnh3IctKnT50JitTe5/+BUrCyrlOOzkmwAzxLk=",
        "owner": "ton",
        "repo": "vim-bufsurf",
        "rev": "e6dbc7ad66c7e436e5eb20d304464e378bd7f28c",
        "type": "github"
      },
      "original": {
        "owner": "ton",
        "repo": "vim-bufsurf",
        "type": "github"
      }
    },
    "claudecode-src": {
      "flake": false,
      "locked": {
        "lastModified": 1782408568,
        "narHash": "sha256-oMBPSRQFDmJ9Lq+ZP8vFMHaocm4sPX3D/orVMNwVXuM=",
        "owner": "coder",
        "repo": "claudecode.nvim",
        "rev": "2390c6e45c4789072c293ac69de051d169668b29",
        "type": "github"
      },
      "original": {
        "owner": "coder",
        "repo": "claudecode.nvim",
        "type": "github"
      }
    },
    "everforest-src": {
      "flake": false,
      "locked": {
        "lastModified": 1785144799,
        "narHash": "sha256-+/GahVEA2ensvI/EWCH/tRVbCYUxAKPXmyzZEra8u40=",
        "owner": "neanias",
        "repo": "everforest-nvim",
        "rev": "a0e9edc57379e8feafc6ba207c26dbb12fc1b6d8",
        "type": "github"
      },
      "original": {
        "owner": "neanias",
        "repo": "everforest-nvim",
        "type": "github"
      }
    },
    "flake-parts": {
      "inputs": {
        "nixpkgs-lib": [
          "neovim-nightly-overlay",
          "nixpkgs"
        ]
      },
      "locked": {
        "lastModified": 1787559586,
        "narHash": "sha256-onL0VLf9vPllmT0H/OlURIU5r5t5WIEl7t4tVNKT0Nw=",
        "owner": "hercules-ci",
        "repo": "flake-parts",
        "rev": "9d0d87172c374f89da73c1cfe6d81ae62feac1f1",
        "type": "github"
      },
      "original": {
        "owner": "hercules-ci",
        "repo": "flake-parts",
        "type": "github"
      }
    },
    "flake-parts_2": {
      "inputs": {
        "nixpkgs-lib": [
          "nixvim",
          "nixpkgs"
        ]
      },
      "locked": {
        "lastModified": 1787559586,
        "narHash": "sha256-onL0VLf9vPllmT0H/OlURIU5r5t5WIEl7t4tVNKT0Nw=",
        "owner": "hercules-ci",
        "repo": "flake-parts",
        "rev": "9d0d87172c374f89da73c1cfe6d81ae62feac1f1",
        "type": "github"
      },
      "original": {
        "owner": "hercules-ci",
        "repo": "flake-parts",
        "type": "github"
      }
    },
    "flake-utils": {
      "inputs": {
        "systems": "systems"
      },
      "locked": {
        "lastModified": 1731533236,
        "narHash": "sha256-l0KFg5HjrsfsO/JpG+r7fRrqm12kzFHyUHqHCVpMMbI=",
        "owner": "numtide",
        "repo": "flake-utils",
        "rev": "11707dc2f618dd54ca8739b309ec4fc024de578b",
        "type": "github"
      },
      "original": {
        "owner": "numtide",
        "repo": "flake-utils",
        "type": "github"
      }
    },
    "neovim-nightly-overlay": {
      "inputs": {
        "flake-parts": "flake-parts",
        "neovim-src": "neovim-src",
        "nixpkgs": [
          "nixpkgs"
        ]
      },
      "locked": {
        "lastModified": 1788048158,
        "narHash": "sha256-gCtG4mstTDHcBwU923LMstEx3MYRjPB/BSXm7VoYn5Q=",
        "owner": "nix-community",
        "repo": "neovim-nightly-overlay",
        "rev": "8f695fad19a86e8891309227314443e6248c73c8",
        "type": "github"
      },
      "original": {
        "owner": "nix-community",
        "repo": "neovim-nightly-overlay",
        "type": "github"
      }
    },
    "neovim-src": {
      "flake": false,
      "locked": {
        "lastModified": 1788044767,
        "narHash": "sha256-JLNSHf7VOolXxopnh2doHusYyCV2Y2tcWIzq35pC1dQ=",
        "owner": "neovim",
        "repo": "neovim",
        "rev": "82ea5a8aac40331579113b961b6cef88865ad5a9",
        "type": "github"
      },
      "original": {
        "owner": "neovim",
        "repo": "neovim",
        "type": "github"
      }
    },
    "nixpkgs": {
      "locked": {
        "lastModified": 1787900134,
        "narHash": "sha256-VYXO0XZlgj06dxJZRhrD3WoSsvq/c7+/Akyoa22pefw=",
        "owner": "NixOS",
        "repo": "nixpkgs",
        "rev": "83199d0d373dd3ac2b9a1996b1d0263f76ab7a4c",
        "type": "github"
      },
      "original": {
        "owner": "NixOS",
        "ref": "nixos-unstable",
        "repo": "nixpkgs",
        "type": "github"
      }
    },
    "nixvim": {
      "inputs": {
        "flake-parts": "flake-parts_2",
        "nixpkgs": [
          "nixpkgs"
        ],
        "systems": "systems_2"
      },
      "locked": {
        "lastModified": 1787862710,
        "narHash": "sha256-dL1Tv7LekaTWUJxHRckjbupWczDdc3QOgRuVCM+WAvQ=",
        "owner": "nix-community",
        "repo": "nixvim",
        "rev": "8c096abcf376137527c134da4ee210332b08ccc0",
        "type": "github"
      },
      "original": {
        "owner": "nix-community",
        "repo": "nixvim",
        "type": "github"
      }
    },
    "root": {
      "inputs": {
        "async-src": "async-src",
        "blink-cmp-supermaven-src": "blink-cmp-supermaven-src",
        "bufsurf-src": "bufsurf-src",
        "claudecode-src": "claudecode-src",
        "everforest-src": "everforest-src",
        "flake-utils": "flake-utils",
        "neovim-nightly-overlay": "neovim-nightly-overlay",
        "nixpkgs": "nixpkgs",
        "nixvim": "nixvim",
        "snacks-src": "snacks-src",
        "tiny-inline-diagnostic-src": "tiny-inline-diagnostic-src",
        "vclib-src": "vclib-src",
        "vcsigns-src": "vcsigns-src"
      }
    },
    "snacks-src": {
      "flake": false,
      "locked": {
        "lastModified": 1779727538,
        "narHash": "sha256-gU0XjCcnmZNwZ/erukA8miBiMKaSsSiInLtiv+OyEJI=",
        "owner": "folke",
        "repo": "snacks.nvim",
        "rev": "882c996cf28183f4d63640de0b4c02ec886d01f2",
        "type": "github"
      },
      "original": {
        "owner": "folke",
        "repo": "snacks.nvim",
        "type": "github"
      }
    },
    "systems": {
      "locked": {
        "lastModified": 1681028828,
        "narHash": "sha256-Vy1rq5AaRuLzOxct8nz4T6wlgyUR7zLU309k9mBC768=",
        "owner": "nix-systems",
        "repo": "default",
        "rev": "da67096a3b9bf56a91d16901293e51ba5b49a27e",
        "type": "github"
      },
      "original": {
        "owner": "nix-systems",
        "repo": "default",
        "type": "github"
      }
    },
    "systems_2": {
      "flake": false,
      "locked": {
        "lastModified": 1774449309,
        "narHash": "sha256-brhZ8DmuGtzkCYHJg4HEd602amKm89Y9ytsFZ5uWD1w=",
        "owner": "nix-systems",
        "repo": "default",
        "rev": "c29398b59d2048c4ab79345812849c9bd15e9150",
        "type": "github"
      },
      "original": {
        "owner": "nix-systems",
        "ref": "future-26.11",
        "repo": "default",
        "type": "github"
      }
    },
    "tiny-inline-diagnostic-src": {
      "flake": false,
      "locked": {
        "lastModified": 1783267840,
        "narHash": "sha256-dG4eCcIRaHOPj75DNOBJAqo2Vy7LAQ0QfWOVD94FloA=",
        "owner": "rachartier",
        "repo": "tiny-inline-diagnostic.nvim",
        "rev": "6264451f14119d63a52580e5198d6baf8518b0b2",
        "type": "github"
      },
      "original": {
        "owner": "rachartier",
        "repo": "tiny-inline-diagnostic.nvim",
        "type": "github"
      }
    },
    "vclib-src": {
      "flake": false,
      "locked": {
        "lastModified": 1787930589,
        "narHash": "sha256-LhaWlULVoCjJ9Qi4xSJFJqU/yBbQ8R1EoMUt0t2BPSs=",
        "owner": "algmyr",
        "repo": "vclib.nvim",
        "rev": "c83945c63dc0c5c8687ba0eff5a40af1f8bf6002",
        "type": "github"
      },
      "original": {
        "owner": "algmyr",
        "repo": "vclib.nvim",
        "type": "github"
      }
    },
    "vcsigns-src": {
      "flake": false,
      "locked": {
        "lastModified": 1787930131,
        "narHash": "sha256-u3VnWv/ocps+ITofH26l6KqYWPPmNrcIVRLsRPhDeiQ=",
        "owner": "algmyr",
        "repo": "vcsigns.nvim",
        "rev": "0cf41ddd4bc47a13a4ac27eb7f15e311240bde8e",
        "type": "github"
      },
      "original": {
        "owner": "algmyr",
        "repo": "vcsigns.nvim",
        "type": "github"
      }
    }
  },
  "root": "root",
  "version": 7
}
